// !$*UTF8*$!
{
	archiveVersion = 1;
	classes = {
	};
	objectVersion = 50;
	objects = {

/* Begin PBXBuildFile section */
		EC0E8A99214960FE0053B0B4 /* AppDelegate.swift in Sources */ = {isa = PBXBuildFile; fileRef = EC0E8A98214960FE0053B0B4 /* AppDelegate.swift */; };
		EC0E8A9B214960FE0053B0B4 /* ViewController.swift in Sources */ = {isa = PBXBuildFile; fileRef = EC0E8A9A214960FE0053B0B4 /* ViewController.swift */; };
		EC0E8A9E214960FE0053B0B4 /* Main.storyboard in Resources */ = {isa = PBXBuildFile; fileRef = EC0E8A9C214960FE0053B0B4 /* Main.storyboard */; };
		EC0E8AA0214961000053B0B4 /* Assets.xcassets in Resources */ = {isa = PBXBuildFile; fileRef = EC0E8A9F214961000053B0B4 /* Assets.xcassets */; };
		EC0E8AA3214961000053B0B4 /* LaunchScreen.storyboard in Resources */ = {isa = PBXBuildFile; fileRef = EC0E8AA1214961000053B0B4 /* LaunchScreen.storyboard */; };
		EC0E8AAF2149623D0053B0B4 /* MnistModel.mlmodel in Sources */ = {isa = PBXBuildFile; fileRef = EC0E8AAE2149623D0053B0B4 /* MnistModel.mlmodel */; };
		EC0E8AB1214969ED0053B0B4 /* DrawingImageView.swift in Sources */ = {isa = PBXBuildFile; fileRef = EC0E8AB0214969ED0053B0B4 /* DrawingImageView.swift */; };
		ECE8CAE9214A4DB00025C939 /* Question.swift in Sources */ = {isa = PBXBuildFile; fileRef = ECE8CAE8214A4DB00025C939 /* Question.swift */; };
		ECE8CAEB214A4DCE0025C939 /* QuestionsFactory.swift in Sources */ = {isa = PBXBuildFile; fileRef = ECE8CAEA214A4DCE0025C939 /* QuestionsFactory.swift */; };
/* End PBXBuildFile section */

/* Begin PBXFileReference section */
		EC0E8A95214960FE0053B0B4 /* MLNumbers.app */ = {isa = PBXFileReference; explicitFileType = wrapper.application; includeInIndex = 0; path = MLNumbers.app; sourceTree = BUILT_PRODUCTS_DIR; };
		EC0E8A98214960FE0053B0B4 /* AppDelegate.swift */ = {isa = PBXFileReference; lastKnownFileType = sourcecode.swift; path = AppDelegate.swift; sourceTree = "<group>"; };
		EC0E8A9A214960FE0053B0B4 /* ViewController.swift */ = {isa = PBXFileReference; lastKnownFileType = sourcecode.swift; path = ViewController.swift; sourceTree = "<group>"; };
		EC0E8A9D214960FE0053B0B4 /* Base */ = {isa = PBXFileReference; lastKnownFileType = file.storyboard; name = Base; path = Base.lproj/Main.storyboard; sourceTree = "<group>"; };
		EC0E8A9F214961000053B0B4 /* Assets.xcassets */ = {isa = PBXFileReference; lastKnownFileType = folder.assetcatalog; path = Assets.xcassets; sourceTree = "<group>"; };
		EC0E8AA2214961000053B0B4 /* Base */ = {isa = PBXFileReference; lastKnownFileType = file.storyboard; name = Base; path = Base.lproj/LaunchScreen.storyboard; sourceTree = "<group>"; };
		EC0E8AA4214961000053B0B4 /* Info.plist */ = {isa = PBXFileReference; lastKnownFileType = text.plist.xml; path = Info.plist; sourceTree = "<group>"; };
		EC0E8AAE2149623D0053B0B4 /* MnistModel.mlmodel */ = {isa = PBXFileReference; lastKnownFileType = file.mlmodel; path = MnistModel.mlmodel; sourceTree = "<group>"; };
		EC0E8AB0214969ED0053B0B4 /* DrawingImageView.swift */ = {isa = PBXFileReference; lastKnownFileType = sourcecode.swift; path = DrawingImageView.swift; sourceTree = "<group>"; };
		ECE8CAE8214A4DB00025C939 /* Question.swift */ = {isa = PBXFileReference; lastKnownFileType = sourcecode.swift; path = Question.swift; sourceTree = "<group>"; };
		ECE8CAEA214A4DCE0025C939 /* QuestionsFactory.swift */ = {isa = PBXFileReference; lastKnownFileType = sourcecode.swift; path = QuestionsFactory.swift; sourceTree = "<group>"; };
/* End PBXFileReference section */

/* Begin PBXFrameworksBuildPhase section */
		EC0E8A92214960FE0053B0B4 /* Frameworks */ = {
			isa = PBXFrameworksBuildPhase;
			buildActionMask = 2147483647;
			files = (
			);
			runOnlyForDeploymentPostprocessing = 0;
		};
/* End PBXFrameworksBuildPhase section */

/* Begin PBXGroup section */
		EC0E8A8C214960FE0053B0B4 = {
			isa = PBXGroup;
			children = (
				EC0E8A97214960FE0053B0B4 /* MLNumbers */,
				EC0E8A96214960FE0053B0B4 /* Products */,
			);
			sourceTree = "<group>";
		};
		EC0E8A96214960FE0053B0B4 /* Products */ = {
			isa = PBXGroup;
			children = (
				EC0E8A95214960FE0053B0B4 /* MLNumbers.app */,
			);
			name = Products;
			sourceTree = "<group>";
		};
		EC0E8A97214960FE0053B0B4 /* MLNumbers */ = {
			isa = PBXGroup;
			children = (
				EC0E8AAD2149616A0053B0B4 /* Controllers */,
				EC0E8AAC214961610053B0B4 /* Views */,
				EC0E8AAB214961580053B0B4 /* Models */,
				EC0E8AAA214961480053B0B4 /* SupportFiles */,
			);
			path = MLNumbers;
			sourceTree = "<group>";
		};
		EC0E8AAA214961480053B0B4 /* SupportFiles */ = {
			isa = PBXGroup;
			children = (
				EC0E8AAE2149623D0053B0B4 /* MnistModel.mlmodel */,
				EC0E8AA1214961000053B0B4 /* LaunchScreen.storyboard */,
				EC0E8AA4214961000053B0B4 /* Info.plist */,
				EC0E8A9F214961000053B0B4 /* Assets.xcassets */,
			);
			path = SupportFiles;
			sourceTree = "<group>";
		};
		EC0E8AAB214961580053B0B4 /* Models */ = {
			isa = PBXGroup;
			children = (
				ECE8CAE8214A4DB00025C939 /* Question.swift */,
				ECE8CAEA214A4DCE0025C939 /* QuestionsFactory.swift */,
			);
			path = Models;
			sourceTree = "<group>";
		};
		EC0E8AAC214961610053B0B4 /* Views */ = {
			isa = PBXGroup;
			children = (
				EC0E8A9C214960FE0053B0B4 /* Main.storyboard */,
			);
			path = Views;
			sourceTree = "<group>";
		};
		EC0E8AAD2149616A0053B0B4 /* Controllers */ = {
			isa = PBXGroup;
			children = (
				EC0E8A98214960FE0053B0B4 /* AppDelegate.swift */,
				EC0E8A9A214960FE0053B0B4 /* ViewController.swift */,
				EC0E8AB0214969ED0053B0B4 /* DrawingImageView.swift */,
			);
			path = Controllers;
			sourceTree = "<group>";
		};
/* End PBXGroup section */

/* Begin PBXNativeTarget section */
		EC0E8A94214960FE0053B0B4 /* MLNumbers */ = {
			isa = PBXNativeTarget;
			buildConfigurationList = EC0E8AA7214961000053B0B4 /* Build configuration list for PBXNativeTarget "MLNumbers" */;
			buildPhases = (
				EC0E8A91214960FE0053B0B4 /* Sources */,
				EC0E8A92214960FE0053B0B4 /* Frameworks */,
				EC0E8A93214960FE0053B0B4 /* Resources */,
			);
			buildRules = (
			);
			dependencies = (
			);
			name = MLNumbers;
			productName = MLNumbers;
			productReference = EC0E8A95214960FE0053B0B4 /* MLNumbers.app */;
			productType = "com.apple.product-type.application";
		};
/* End PBXNativeTarget section */

/* Begin PBXProject section */
		EC0E8A8D214960FE0053B0B4 /* Project object */ = {
			isa = PBXProject;
			attributes = {
				LastSwiftUpdateCheck = 1000;
				LastUpgradeCheck = 1000;
				ORGANIZATIONNAME = "Felipe Alarcon";
				TargetAttributes = {
					EC0E8A94214960FE0053B0B4 = {
						CreatedOnToolsVersion = 10.0;
					};
				};
			};
			buildConfigurationList = EC0E8A90214960FE0053B0B4 /* Build configuration list for PBXProject "MLNumbers" */;
			compatibilityVersion = "Xcode 9.3";
			developmentRegion = en;
			hasScannedForEncodings = 0;
			knownRegions = (
				en,
				Base,
			);
			mainGroup = EC0E8A8C214960FE0053B0B4;
			productRefGroup = EC0E8A96214960FE0053B0B4 /* Products */;
			projectDirPath = "";
			projectRoot = "";
			targets = (
				EC0E8A94214960FE0053B0B4 /* MLNumbers */,
			);
		};
/* End PBXProject section */

/* Begin PBXResourcesBuildPhase section */
		EC0E8A93214960FE0053B0B4 /* Resources */ = {
			isa = PBXResourcesBuildPhase;
			buildActionMask = 2147483647;
			files = (
				EC0E8AA3214961000053B0B4 /* LaunchScreen.storyboard in Resources */,
				EC0E8AA0214961000053B0B4 /* Assets.xcassets in Resources */,
				EC0E8A9E214960FE0053B0B4 /* Main.storyboard in Resources */,
			);
			runOnlyForDeploymentPostprocessing = 0;
		};
/* End PBXResourcesBuildPhase section */

/* Begin PBXSourcesBuildPhase section */
		EC0E8A91214960FE0053B0B4 /* Sources */ = {
			isa = PBXSourcesBuildPhase;
			buildActionMask = 2147483647;
			files = (
				ECE8CAE9214A4DB00025C939 /* Question.swift in Sources */,
				EC0E8A9B214960FE0053B0B4 /* ViewController.swift in Sources */,
				ECE8CAEB214A4DCE0025C939 /* QuestionsFactory.swift in Sources */,
				EC0E8A99214960FE0053B0B4 /* AppDelegate.swift in Sources */,
				EC0E8AAF2149623D0053B0B4 /* MnistModel.mlmodel in Sources */,
				EC0E8AB1214969ED0053B0B4 /* DrawingImageView.swift in Sources */,
			);
			runOnlyForDeploymentPostprocessing = 0;
		};
/* End PBXSourcesBuildPhase section */

/* Begin PBXVariantGroup section */
		EC0E8A9C214960FE0053B0B4 /* Main.storyboard */ = {
			isa = PBXVariantGroup;
			children = (
				EC0E8A9D214960FE0053B0B4 /* Base */,
			);
			name = Main.storyboard;
			sourceTree = "<group>";
		};
		EC0E8AA1214961000053B0B4 /* LaunchScreen.storyboard */ = {
			isa = PBXVariantGroup;
			children = (
				EC0E8AA2214961000053B0B4 /* Base */,
			);
			name = LaunchScreen.storyboard;
			sourceTree = "<group>";
		};
/* End PBXVariantGroup section */

/* Begin XCBuildConfiguration section */
		EC0E8AA5214961000053B0B4 /* Debug */ = {
			isa = XCBuildConfiguration;
			buildSettings = {
				ALWAYS_SEARCH_USER_PATHS = NO;
				CLANG_ANALYZER_NONNULL = YES;
				CLANG_ANALYZER_NUMBER_OBJECT_CONVERSION = YES_AGGRESSIVE;
				CLANG_CXX_LANGUAGE_STANDARD = "gnu++14";
				CLANG_CXX_LIBRARY = "libc++";
				CLANG_ENABLE_MODULES = YES;
				CLANG_ENABLE_OBJC_ARC = YES;
				CLANG_ENABLE_OBJC_WEAK = YES;
				CLANG_WARN_BLOCK_CAPTURE_AUTORELEASING = YES;
				CLANG_WARN_BOOL_CONVERSION = YES;
				CLANG_WARN_COMMA = YES;
				CLANG_WARN_CONSTANT_CONVERSION = YES;
				CLANG_WARN_DEPRECATED_OBJC_IMPLEMENTATIONS = YES;
				CLANG_WARN_DIRECT_OBJC_ISA_USAGE = YES_ERROR;
				CLANG_WARN_DOCUMENTATION_COMMENTS = YES;
				CLANG_WARN_EMPTY_BODY = YES;
				CLANG_WARN_ENUM_CONVERSION = YES;
				CLANG_WARN_INFINITE_RECURSION = YES;
				CLANG_WARN_INT_CONVERSION = YES;
				CLANG_WARN_NON_LITERAL_NULL_CONVERSION = YES;
				CLANG_WARN_OBJC_IMPLICIT_RETAIN_SELF = YES;
				CLANG_WARN_OBJC_LITERAL_CONVERSION = YES;
				CLANG_WARN_OBJC_ROOT_CLASS = YES_ERROR;
				CLANG_WARN_RANGE_LOOP_ANALYSIS = YES;
				CLANG_WARN_STRICT_PROTOTYPES = YES;
				CLANG_WARN_SUSPICIOUS_MOVE = YES;
				CLANG_WARN_UNGUARDED_AVAILABILITY = YES_AGGRESSIVE;
				CLANG_WARN_UNREACHABLE_CODE = YES;
				CLANG_WARN__DUPLICATE_METHOD_MATCH = YES;
				CODE_SIGN_IDENTITY = "iPhone Developer";
				COPY_PHASE_STRIP = NO;
				DEBUG_INFORMATION_FORMAT = dwarf;
				ENABLE_STRICT_OBJC_MSGSEND = YES;
				ENABLE_TESTABILITY = YES;
				GCC_C_LANGUAGE_STANDARD = gnu11;
				GCC_DYNAMIC_NO_PIC = NO;
				GCC_NO_COMMON_BLOCKS = YES;
				GCC_OPTIMIZATION_LEVEL = 0;
				GCC_PREPROCESSOR_DEFINITIONS = (
					"DEBUG=1",
					"$(inherited)",
				);
				GCC_WARN_64_TO_32_BIT_CONVERSION = YES;
				GCC_WARN_ABOUT_RETURN_TYPE = YES_ERROR;
				GCC_WARN_UNDECLARED_SELECTOR = YES;
				GCC_WARN_UNINITIALIZED_AUTOS = YES_AGGRESSIVE;
				GCC_WARN_UNUSED_FUNCTION = YES;
				GCC_WARN_UNUSED_VARIABLE = YES;
				IPHONEOS_DEPLOYMENT_TARGET = 12.0;
				MTL_ENABLE_DEBUG_INFO = INCLUDE_SOURCE;
				MTL_FAST_MATH = YES;
				ONLY_ACTIVE_ARCH = YES;
				SDKROOT = iphoneos;
				SWIFT_ACTIVE_COMPILATION_CONDITIONS = DEBUG;
				SWIFT_OPTIMIZATION_LEVEL = "-Onone";
			};
			name = Debug;
		};
		EC0E8AA6214961000053B0B4 /* Release */ = {
			isa = XCBuildConfiguration;
			buildSettings = {
				ALWAYS_SEARCH_USER_PATHS = NO;
				CLANG_ANALYZER_NONNULL = YES;
				CLANG_ANALYZER_NUMBER_OBJECT_CONVERSION = YES_AGGRESSIVE;
				CLANG_CXX_LANGUAGE_STANDARD = "gnu++14";
				CLANG_CXX_LIBRARY = "libc++";
				CLANG_ENABLE_MODULES = YES;
				CLANG_ENABLE_OBJC_ARC = YES;
				CLANG_ENABLE_OBJC_WEAK = YES;
				CLANG_WARN_BLOCK_CAPTURE_AUTORELEASING = YES;
				CLANG_WARN_BOOL_CONVERSION = YES;
				CLANG_WARN_COMMA = YES;
				CLANG_WARN_CONSTANT_CONVERSION = YES;
				CLANG_WARN_DEPRECATED_OBJC_IMPLEMENTATIONS = YES;
				CLANG_WARN_DIRECT_OBJC_ISA_USAGE = YES_ERROR;
				CLANG_WARN_DOCUMENTATION_COMMENTS = YES;
				CLANG_WARN_EMPTY_BODY = YES;
				CLANG_WARN_ENUM_CONVERSION = YES;
				CLANG_WARN_INFINITE_RECURSION = YES;
				CLANG_WARN_INT_CONVERSION = YES;
				CLANG_WARN_NON_LITERAL_NULL_CONVERSION = YES;
				CLANG_WARN_OBJC_IMPLICIT_RETAIN_SELF = YES;
				CLANG_WARN_OBJC_LITERAL_CONVERSION = YES;
				CLANG_WARN_OBJC_ROOT_CLASS = YES_ERROR;
				CLANG_WARN_RANGE_LOOP_ANALYSIS = YES;
				CLANG_WARN_STRICT_PROTOTYPES = YES;
				CLANG_WARN_SUSPICIOUS_MOVE = YES;
				CLANG_WARN_UNGUARDED_AVAILABILITY = YES_AGGRESSIVE;
				CLANG_WARN_UNREACHABLE_CODE = YES;
				CLANG_WARN__DUPLICATE_METHOD_MATCH = YES;
				CODE_SIGN_IDENTITY = "iPhone Developer";
				COPY_PHASE_STRIP = NO;
				DEBUG_INFORMATION_FORMAT = "dwarf-with-dsym";
				ENABLE_NS_ASSERTIONS = NO;
				ENABLE_STRICT_OBJC_MSGSEND = YES;
				GCC_C_LANGUAGE_STANDARD = gnu11;
				GCC_NO_COMMON_BLOCKS = YES;
				GCC_WARN_64_TO_32_BIT_CONVERSION = YES;
				GCC_WARN_ABOUT_RETURN_TYPE = YES_ERROR;
				GCC_WARN_UNDECLARED_SELECTOR = YES;
				GCC_WARN_UNINITIALIZED_AUTOS = YES_AGGRESSIVE;
				GCC_WARN_UNUSED_FUNCTION = YES;
				GCC_WARN_UNUSED_VARIABLE = YES;
				IPHONEOS_DEPLOYMENT_TARGET = 12.0;
				MTL_ENABLE_DEBUG_INFO = NO;
				MTL_FAST_MATH = YES;
				SDKROOT = iphoneos;
				SWIFT_COMPILATION_MODE = wholemodule;
				SWIFT_OPTIMIZATION_LEVEL = "-O";
				VALIDATE_PRODUCT = YES;
			};
			name = Release;
		};
		EC0E8AA8214961000053B0B4 /* Debug */ = {
			isa = XCBuildConfiguration;
			buildSettings = {
				ASSETCATALOG_COMPILER_APPICON_NAME = AppIcon;
				CODE_SIGN_STYLE = Automatic;
				DEVELOPMENT_TEAM = KXAUCA864K;
				INFOPLIST_FILE = "$(SRCROOT)/MLNumbers/SupportFiles/Info.plist";
				LD_RUNPATH_SEARCH_PATHS = (
					"$(inherited)",
					"@executable_path/Frameworks",
				);
				PRODUCT_BUNDLE_IDENTIFIER = com.zonbimutin.MLNumbers;
				PRODUCT_NAME = "$(TARGET_NAME)";
				SWIFT_VERSION = 4.2;
				TARGETED_DEVICE_FAMILY = "1,2";
			};
			name = Debug;
		};
		EC0E8AA9214961000053B0B4 /* Release */ = {
			isa = XCBuildConfiguration;
			buildSettings = {
				ASSETCATALOG_COMPILER_APPICON_NAME = AppIcon;
				CODE_SIGN_STYLE = Automatic;
				DEVELOPMENT_TEAM = KXAUCA864K;
				INFOPLIST_FILE = "$(SRCROOT)/MLNumbers/SupportFiles/Info.plist";
				LD_RUNPATH_SEARCH_PATHS = (
					"$(inherited)",
					"@executable_path/Frameworks",
				);
				PRODUCT_BUNDLE_IDENTIFIER = com.zonbimutin.MLNumbers;
				PRODUCT_NAME = "$(TARGET_NAME)";
				SWIFT_VERSION = 4.2;
				TARGETED_DEVICE_FAMILY = "1,2";
			};
			name = Release;
		};
/* End XCBuildConfiguration section */

/* Begin XCConfigurationList section */
		EC0E8A90214960FE0053B0B4 /* Build configuration list for PBXProject "MLNumbers" */ = {
			isa = XCConfigurationList;
			buildConfigurations = (
				EC0E8AA5214961000053B0B4 /* Debug */,
				EC0E8AA6214961000053B0B4 /* Release */,
			);
			defaultConfigurationIsVisible = 0;
			defaultConfigurationName = Release;
		};
		EC0E8AA7214961000053B0B4 /* Build configuration list for PBXNativeTarget "MLNumbers" */ = {
			isa = XCConfigurationList;
			buildConfigurations = (
				EC0E8AA8214961000053B0B4 /* Debug */,
				EC0E8AA9214961000053B0B4 /* Release */,
			);
			defaultConfigurationIsVisible = 0;
			defaultConfigurationName = Release;
		};
/* End XCConfigurationList section */
	};
	rootObject = EC0E8A8D214960FE0053B0B4 /* Project object */;
}
